
Microsoft Visual Studio Solution File, Format Version 12.00
# Visual Studio Version 16
VisualStudioVersion = 16.0.28803.352
MinimumVisualStudioVersion = 10.0.40219.1
Project("{FAE04EC0-301F-11D3-BF4B-00C04F79EFBC}") = "WebService_ProyectoDAM", "WebService_ProyectoDAM\WebService_ProyectoDAM.csproj", "{37C6AEBD-C38A-4282-A0BB-37471634C659}"
EndProject
Global
	GlobalSection(SolutionConfigurationPlatforms) = preSolution
		Debug|Any CPU = Debug|Any CPU
		Release|Any CPU = Release|Any CPU
	EndGlobalSection
	GlobalSection(ProjectConfigurationPlatforms) = postSolution
		{37C6AEBD-C38A-4282-A0BB-37471634C659}.Debug|Any CPU.ActiveCfg = Debug|Any CPU
		{37C6AEBD-C38A-4282-A0BB-37471634C659}.Debug|Any CPU.Build.0 = Debug|Any CPU
		{37C6AEBD-C38A-4282-A0BB-37471634C659}.Release|Any CPU.ActiveCfg = Release|Any CPU
		{37C6AEBD-C38A-4282-A0BB-37471634C659}.Release|Any CPU.Build.0 = Release|Any CPU
	EndGlobalSection
	GlobalSection(SolutionProperties) = preSolution
		HideSolutionNode = FALSE
	EndGlobalSection
	GlobalSection(ExtensibilityGlobals) = postSolution
		SolutionGuid = {67F536DD-1CAA-435D-B85C-81F48B8CBE40}
	EndGlobalSection
EndGlobal
